
Microsoft Visual Studio Solution File, Format Version 12.00
# Visual Studio Version 17
VisualStudioVersion = 17.14.37012.4 d17.14
MinimumVisualStudioVersion = 10.0.40219.1
Project("{D2ABAB84-BF74-430A-B69E-9DC6D40DDA17}") = "MarketingAnalysis", "MarketingAnalysis.dwproj", "{69D82B45-A3F1-8234-BBF6-2633BE94A9C2}"
EndProject
Global
	GlobalSection(SolutionConfigurationPlatforms) = preSolution
		Development|Default = Development|Default
	EndGlobalSection
	GlobalSection(ProjectConfigurationPlatforms) = postSolution
		{69D82B45-A3F1-8234-BBF6-2633BE94A9C2}.Development|Default.ActiveCfg = Development
		{69D82B45-A3F1-8234-BBF6-2633BE94A9C2}.Development|Default.Build.0 = Development
		{69D82B45-A3F1-8234-BBF6-2633BE94A9C2}.Development|Default.Deploy.0 = Development
	EndGlobalSection
	GlobalSection(SolutionProperties) = preSolution
		HideSolutionNode = FALSE
	EndGlobalSection
	GlobalSection(ExtensibilityGlobals) = postSolution
		SolutionGuid = {BE74F45D-9334-4F15-AED2-C3208299464A}
	EndGlobalSection
EndGlobal
